{
  "name": "ZLX",
  "version": "1.0.0",
  "lockfileVersion": 1,
  "requires": true,
  "dependencies": {
    "@dcloudio/uni-ui": {
      "version": "1.2.5",
      "resolved": "https://registry.npm.taobao.org/@dcloudio/uni-ui/download/@dcloudio/uni-ui-1.2.5.tgz?cache=0&sync_timestamp=1597803178893&other_urls=https%3A%2F%2Fregistry.npm.taobao.org%2F%40dcloudio%2Funi-ui%2Fdownload%2F%40dcloudio%2Funi-ui-1.2.5.tgz",
      "integrity": "sha1-2by2+Ty4/hMUa/qg+cthpoFtz+8="
    },
    "photo-sphere-viewer": {
      "version": "4.0.6",
      "resolved": "https://registry.npm.taobao.org/photo-sphere-viewer/download/photo-sphere-viewer-4.0.6.tgz",
      "integrity": "sha1-pFTA2neHE9dGH3a9nEk4YSpxjjI=",
      "requires": {
        "three": "^0.118.3",
        "uevent": "~2.0.0"
      }
    },
    "three": {
      "version": "0.118.3",
      "resolved": "https://registry.npm.taobao.org/three/download/three-0.118.3.tgz?cache=0&sync_timestamp=1598444220789&other_urls=https%3A%2F%2Fregistry.npm.taobao.org%2Fthree%2Fdownload%2Fthree-0.118.3.tgz",
      "integrity": "sha1-wL+MEKaBVUePEvTMrC/5eVJqSgo="
    },
    "uevent": {
      "version": "2.0.0",
      "resolved": "https://registry.npm.taobao.org/uevent/download/uevent-2.0.0.tgz",
      "integrity": "sha1-g9OifcdG8ODJjbPKHIUP/krvSZM="
    }
  }
}
